
Microsoft Visual Studio Solution File, Format Version 12.00
# Visual Studio 2012
Project("{f2a71f9b-5d33-465a-a702-920d77279786}") = "CopyAndUpdate", "CopyAndUpdate\CopyAndUpdate.fsproj", "{EB1BDA5B-AA64-4768-8E32-65761B98FE74}"
EndProject
Project("{FAE04EC0-301F-11D3-BF4B-00C04F79EFBC}") = "CopyAndUpdate.Tests", "CopyAndUpdate.Tests\CopyAndUpdate.Tests.csproj", "{98186650-7AE9-4178-A1A5-EAE86579A372}"
EndProject
Project("{FAE04EC0-301F-11D3-BF4B-00C04F79EFBC}") = "CopyWith", "CopyWith\CopyWith.csproj", "{48C2E9E9-82BF-417F-B54B-18071C0D2F58}"
EndProject
Global
	GlobalSection(SolutionConfigurationPlatforms) = preSolution
		Debug|Any CPU = Debug|Any CPU
		Release|Any CPU = Release|Any CPU
	EndGlobalSection
	GlobalSection(ProjectConfigurationPlatforms) = postSolution
		{EB1BDA5B-AA64-4768-8E32-65761B98FE74}.Debug|Any CPU.ActiveCfg = Debug|Any CPU
		{EB1BDA5B-AA64-4768-8E32-65761B98FE74}.Debug|Any CPU.Build.0 = Debug|Any CPU
		{EB1BDA5B-AA64-4768-8E32-65761B98FE74}.Release|Any CPU.ActiveCfg = Release|Any CPU
		{EB1BDA5B-AA64-4768-8E32-65761B98FE74}.Release|Any CPU.Build.0 = Release|Any CPU
		{98186650-7AE9-4178-A1A5-EAE86579A372}.Debug|Any CPU.ActiveCfg = Debug|Any CPU
		{98186650-7AE9-4178-A1A5-EAE86579A372}.Debug|Any CPU.Build.0 = Debug|Any CPU
		{98186650-7AE9-4178-A1A5-EAE86579A372}.Release|Any CPU.ActiveCfg = Release|Any CPU
		{98186650-7AE9-4178-A1A5-EAE86579A372}.Release|Any CPU.Build.0 = Release|Any CPU
		{48C2E9E9-82BF-417F-B54B-18071C0D2F58}.Debug|Any CPU.ActiveCfg = Debug|Any CPU
		{48C2E9E9-82BF-417F-B54B-18071C0D2F58}.Debug|Any CPU.Build.0 = Debug|Any CPU
		{48C2E9E9-82BF-417F-B54B-18071C0D2F58}.Release|Any CPU.ActiveCfg = Release|Any CPU
		{48C2E9E9-82BF-417F-B54B-18071C0D2F58}.Release|Any CPU.Build.0 = Release|Any CPU
	EndGlobalSection
EndGlobal
